// !$*UTF8*$!
{
	archiveVersion = 1;
	classes = {
	};
	objectVersion = 46;
	objects = {

/* Begin PBXBuildFile section */
		053345705024FD217350A093 /* libPods-PBBaseClasses.a in Frameworks */ = {isa = PBXBuildFile; fileRef = EDB2790D82A39951EADBCE62 /* libPods-PBBaseClasses.a */; };
		602617041F74A84300F9D783 /* PBNavigationBar.m in Sources */ = {isa = PBXBuildFile; fileRef = 602617031F74A84300F9D783 /* PBNavigationBar.m */; };
		60C8161C1F6248AA00CEC5D6 /* main.m in Sources */ = {isa = PBXBuildFile; fileRef = 60C8161B1F6248AA00CEC5D6 /* main.m */; };
		60C8161F1F6248AA00CEC5D6 /* AppDelegate.m in Sources */ = {isa = PBXBuildFile; fileRef = 60C8161E1F6248AA00CEC5D6 /* AppDelegate.m */; };
		60C816221F6248AA00CEC5D6 /* ViewController.m in Sources */ = {isa = PBXBuildFile; fileRef = 60C816211F6248AA00CEC5D6 /* ViewController.m */; };
		60C816251F6248AA00CEC5D6 /* Main.storyboard in Resources */ = {isa = PBXBuildFile; fileRef = 60C816231F6248AA00CEC5D6 /* Main.storyboard */; };
		60C816271F6248AA00CEC5D6 /* Assets.xcassets in Resources */ = {isa = PBXBuildFile; fileRef = 60C816261F6248AA00CEC5D6 /* Assets.xcassets */; };
		60C8162A1F6248AA00CEC5D6 /* LaunchScreen.storyboard in Resources */ = {isa = PBXBuildFile; fileRef = 60C816281F6248AA00CEC5D6 /* LaunchScreen.storyboard */; };
		60C816351F6248AB00CEC5D6 /* PBBaseClassesTests.m in Sources */ = {isa = PBXBuildFile; fileRef = 60C816341F6248AB00CEC5D6 /* PBBaseClassesTests.m */; };
		60C816401F6248AB00CEC5D6 /* PBBaseClassesUITests.m in Sources */ = {isa = PBXBuildFile; fileRef = 60C8163F1F6248AB00CEC5D6 /* PBBaseClassesUITests.m */; };
		60C816571F624AA700CEC5D6 /* PBBaseProfile.m in Sources */ = {isa = PBXBuildFile; fileRef = 60C816561F624AA700CEC5D6 /* PBBaseProfile.m */; };
		60C8165B1F624BD100CEC5D6 /* PBBaseNavigationProfile.m in Sources */ = {isa = PBXBuildFile; fileRef = 60C8165A1F624BD100CEC5D6 /* PBBaseNavigationProfile.m */; };
		60C8165E1F624C6400CEC5D6 /* PBBaseClasses.strings in Resources */ = {isa = PBXBuildFile; fileRef = 60C816601F624C6400CEC5D6 /* PBBaseClasses.strings */; };
		60C816631F624D0F00CEC5D6 /* PBBaseTabBarProfile.m in Sources */ = {isa = PBXBuildFile; fileRef = 60C816621F624D0F00CEC5D6 /* PBBaseTabBarProfile.m */; };
		60C816661F624DAF00CEC5D6 /* PBIndicateButton.m in Sources */ = {isa = PBXBuildFile; fileRef = 60C816651F624DAF00CEC5D6 /* PBIndicateButton.m */; };
		60C816691F624E2200CEC5D6 /* PBButton.m in Sources */ = {isa = PBXBuildFile; fileRef = 60C816681F624E2200CEC5D6 /* PBButton.m */; };
		60C8166C1F624E5C00CEC5D6 /* PBView.m in Sources */ = {isa = PBXBuildFile; fileRef = 60C8166B1F624E5C00CEC5D6 /* PBView.m */; };
		60C8166F1F624EA900CEC5D6 /* PBCell.m in Sources */ = {isa = PBXBuildFile; fileRef = 60C8166E1F624EA900CEC5D6 /* PBCell.m */; };
		60C816721F624ED700CEC5D6 /* PBTabBarItem.m in Sources */ = {isa = PBXBuildFile; fileRef = 60C816711F624ED700CEC5D6 /* PBTabBarItem.m */; };
		60C816751F624F2900CEC5D6 /* PBBaseTabBarProfile+Hidden.m in Sources */ = {isa = PBXBuildFile; fileRef = 60C816741F624F2900CEC5D6 /* PBBaseTabBarProfile+Hidden.m */; };
		60C816771F624F6800CEC5D6 /* PBBaseClasses.strings in Resources */ = {isa = PBXBuildFile; fileRef = 60C816761F624F6800CEC5D6 /* PBBaseClasses.strings */; };
		60C8167E1F62505400CEC5D6 /* PBBaseProfile+Delegate.m in Sources */ = {isa = PBXBuildFile; fileRef = 60C8167D1F62505400CEC5D6 /* PBBaseProfile+Delegate.m */; };
		60C816881F6250E100CEC5D6 /* HiddenController.m in Sources */ = {isa = PBXBuildFile; fileRef = 60C816811F6250E100CEC5D6 /* HiddenController.m */; };
		60C816891F6250E100CEC5D6 /* PopController.m in Sources */ = {isa = PBXBuildFile; fileRef = 60C816831F6250E100CEC5D6 /* PopController.m */; };
		60C8168A1F6250E100CEC5D6 /* PresentController.m in Sources */ = {isa = PBXBuildFile; fileRef = 60C816851F6250E100CEC5D6 /* PresentController.m */; };
		60C8168B1F6250E100CEC5D6 /* SearchController.m in Sources */ = {isa = PBXBuildFile; fileRef = 60C816871F6250E100CEC5D6 /* SearchController.m */; };
		60C8168D1F62529D00CEC5D6 /* PBBaseFont.ttf in Resources */ = {isa = PBXBuildFile; fileRef = 60C8168C1F62529D00CEC5D6 /* PBBaseFont.ttf */; };
		60C817A91F6283E900CEC5D6 /* PBClasses.framework in Frameworks */ = {isa = PBXBuildFile; fileRef = 60C817A01F6283E800CEC5D6 /* PBClasses.framework */; };
		60C817B01F6283E900CEC5D6 /* PBClassesTests.m in Sources */ = {isa = PBXBuildFile; fileRef = 60C817AF1F6283E900CEC5D6 /* PBClassesTests.m */; };
		60C817B21F6283E900CEC5D6 /* PBClasses.h in Headers */ = {isa = PBXBuildFile; fileRef = 60C817A21F6283E800CEC5D6 /* PBClasses.h */; settings = {ATTRIBUTES = (Public, ); }; };
		60C817BF1F62844900CEC5D6 /* PBBaseProfile.h in Headers */ = {isa = PBXBuildFile; fileRef = 60C816551F624AA700CEC5D6 /* PBBaseProfile.h */; settings = {ATTRIBUTES = (Public, ); }; };
		60C817C01F62844900CEC5D6 /* PBBaseProfile.m in Sources */ = {isa = PBXBuildFile; fileRef = 60C816561F624AA700CEC5D6 /* PBBaseProfile.m */; };
		60C817C11F62844900CEC5D6 /* PBBaseNavigationProfile.h in Headers */ = {isa = PBXBuildFile; fileRef = 60C816591F624BD100CEC5D6 /* PBBaseNavigationProfile.h */; settings = {ATTRIBUTES = (Public, ); }; };
		60C817C21F62844900CEC5D6 /* PBBaseNavigationProfile.m in Sources */ = {isa = PBXBuildFile; fileRef = 60C8165A1F624BD100CEC5D6 /* PBBaseNavigationProfile.m */; };
		60C817C31F62844900CEC5D6 /* PBBaseTabBarProfile.h in Headers */ = {isa = PBXBuildFile; fileRef = 60C816611F624D0F00CEC5D6 /* PBBaseTabBarProfile.h */; settings = {ATTRIBUTES = (Public, ); }; };
		60C817C41F62844900CEC5D6 /* PBBaseTabBarProfile.m in Sources */ = {isa = PBXBuildFile; fileRef = 60C816621F624D0F00CEC5D6 /* PBBaseTabBarProfile.m */; };
		60C817C51F62844900CEC5D6 /* PBBaseClasses.h in Headers */ = {isa = PBXBuildFile; fileRef = 60C8179A1F627E8000CEC5D6 /* PBBaseClasses.h */; };
		60C817C61F62844900CEC5D6 /* PBIndicateButton.h in Headers */ = {isa = PBXBuildFile; fileRef = 60C816641F624DAF00CEC5D6 /* PBIndicateButton.h */; settings = {ATTRIBUTES = (Public, ); }; };
		60C817C71F62844900CEC5D6 /* PBIndicateButton.m in Sources */ = {isa = PBXBuildFile; fileRef = 60C816651F624DAF00CEC5D6 /* PBIndicateButton.m */; };
		60C817C81F62844900CEC5D6 /* PBButton.h in Headers */ = {isa = PBXBuildFile; fileRef = 60C816671F624E2200CEC5D6 /* PBButton.h */; settings = {ATTRIBUTES = (Public, ); }; };
		60C817C91F62844900CEC5D6 /* PBButton.m in Sources */ = {isa = PBXBuildFile; fileRef = 60C816681F624E2200CEC5D6 /* PBButton.m */; };
		60C817CA1F62844900CEC5D6 /* PBView.h in Headers */ = {isa = PBXBuildFile; fileRef = 60C8166A1F624E5C00CEC5D6 /* PBView.h */; settings = {ATTRIBUTES = (Public, ); }; };
		60C817CB1F62844900CEC5D6 /* PBView.m in Sources */ = {isa = PBXBuildFile; fileRef = 60C8166B1F624E5C00CEC5D6 /* PBView.m */; };
		60C817CC1F62844900CEC5D6 /* PBCell.h in Headers */ = {isa = PBXBuildFile; fileRef = 60C8166D1F624EA900CEC5D6 /* PBCell.h */; settings = {ATTRIBUTES = (Public, ); }; };
		60C817CD1F62844900CEC5D6 /* PBCell.m in Sources */ = {isa = PBXBuildFile; fileRef = 60C8166E1F624EA900CEC5D6 /* PBCell.m */; };
		60C817CE1F62844900CEC5D6 /* PBTabBarItem.h in Headers */ = {isa = PBXBuildFile; fileRef = 60C816701F624ED700CEC5D6 /* PBTabBarItem.h */; };
		60C817CF1F62844900CEC5D6 /* PBTabBarItem.m in Sources */ = {isa = PBXBuildFile; fileRef = 60C816711F624ED700CEC5D6 /* PBTabBarItem.m */; };
		60C817D01F62844900CEC5D6 /* PBConstant.h in Headers */ = {isa = PBXBuildFile; fileRef = 60C816581F624ACB00CEC5D6 /* PBConstant.h */; settings = {ATTRIBUTES = (Public, ); }; };
		60C817D11F6284A100CEC5D6 /* PBBaseClasses.strings in Resources */ = {isa = PBXBuildFile; fileRef = 60C816761F624F6800CEC5D6 /* PBBaseClasses.strings */; };
		60C818D31F6517ED00CEC5D6 /* PBURLRouter.framework in Frameworks */ = {isa = PBXBuildFile; fileRef = 60C818CF1F650DB500CEC5D6 /* PBURLRouter.framework */; };
		60C818D41F6517FB00CEC5D6 /* PBURLRouter.framework in Frameworks */ = {isa = PBXBuildFile; fileRef = 60C818CF1F650DB500CEC5D6 /* PBURLRouter.framework */; };
		BBDB67D58B421E62BDF2BC38 /* libPods-PBClasses.a in Frameworks */ = {isa = PBXBuildFile; fileRef = DB1BB8ABBC625F4E8DD6FEC1 /* libPods-PBClasses.a */; };
/* End PBXBuildFile section */

/* Begin PBXContainerItemProxy section */
		60C816311F6248AB00CEC5D6 /* PBXContainerItemProxy */ = {
			isa = PBXContainerItemProxy;
			containerPortal = 60C8160F1F6248A900CEC5D6 /* Project object */;
			proxyType = 1;
			remoteGlobalIDString = 60C816161F6248AA00CEC5D6;
			remoteInfo = PBBaseClasses;
		};
		60C8163C1F6248AB00CEC5D6 /* PBXContainerItemProxy */ = {
			isa = PBXContainerItemProxy;
			containerPortal = 60C8160F1F6248A900CEC5D6 /* Project object */;
			proxyType = 1;
			remoteGlobalIDString = 60C816161F6248AA00CEC5D6;
			remoteInfo = PBBaseClasses;
		};
		60C817AA1F6283E900CEC5D6 /* PBXContainerItemProxy */ = {
			isa = PBXContainerItemProxy;
			containerPortal = 60C8160F1F6248A900CEC5D6 /* Project object */;
			proxyType = 1;
			remoteGlobalIDString = 60C8179F1F6283E800CEC5D6;
			remoteInfo = PBClasses;
		};
		60C817AC1F6283E900CEC5D6 /* PBXContainerItemProxy */ = {
			isa = PBXContainerItemProxy;
			containerPortal = 60C8160F1F6248A900CEC5D6 /* Project object */;
			proxyType = 1;
			remoteGlobalIDString = 60C816161F6248AA00CEC5D6;
			remoteInfo = PBBaseClasses;
		};
		60C817B31F6283E900CEC5D6 /* PBXContainerItemProxy */ = {
			isa = PBXContainerItemProxy;
			containerPortal = 60C8160F1F6248A900CEC5D6 /* Project object */;
			proxyType = 1;
			remoteGlobalIDString = 60C8179F1F6283E800CEC5D6;
			remoteInfo = PBClasses;
		};
/* End PBXContainerItemProxy section */

/* Begin PBXCopyFilesBuildPhase section */
		60C817BA1F6283E900CEC5D6 /* Embed Frameworks */ = {
			isa = PBXCopyFilesBuildPhase;
			buildActionMask = 2147483647;
			dstPath = "";
			dstSubfolderSpec = 10;
			files = (
			);
			name = "Embed Frameworks";
			runOnlyForDeploymentPostprocessing = 0;
		};
/* End PBXCopyFilesBuildPhase section */

/* Begin PBXFileReference section */
		602617021F74A84300F9D783 /* PBNavigationBar.h */ = {isa = PBXFileReference; lastKnownFileType = sourcecode.c.h; path = PBNavigationBar.h; sourceTree = "<group>"; };
		602617031F74A84300F9D783 /* PBNavigationBar.m */ = {isa = PBXFileReference; lastKnownFileType = sourcecode.c.objc; path = PBNavigationBar.m; sourceTree = "<group>"; };
		60C816171F6248AA00CEC5D6 /* PBBaseClasses.app */ = {isa = PBXFileReference; explicitFileType = wrapper.application; includeInIndex = 0; path = PBBaseClasses.app; sourceTree = BUILT_PRODUCTS_DIR; };
		60C8161B1F6248AA00CEC5D6 /* main.m */ = {isa = PBXFileReference; lastKnownFileType = sourcecode.c.objc; path = main.m; sourceTree = "<group>"; };
		60C8161D1F6248AA00CEC5D6 /* AppDelegate.h */ = {isa = PBXFileReference; lastKnownFileType = sourcecode.c.h; path = AppDelegate.h; sourceTree = "<group>"; };
		60C8161E1F6248AA00CEC5D6 /* AppDelegate.m */ = {isa = PBXFileReference; lastKnownFileType = sourcecode.c.objc; path = AppDelegate.m; sourceTree = "<group>"; };
		60C816201F6248AA00CEC5D6 /* ViewController.h */ = {isa = PBXFileReference; lastKnownFileType = sourcecode.c.h; path = ViewController.h; sourceTree = "<group>"; };
		60C816211F6248AA00CEC5D6 /* ViewController.m */ = {isa = PBXFileReference; lastKnownFileType = sourcecode.c.objc; path = ViewController.m; sourceTree = "<group>"; };
		60C816241F6248AA00CEC5D6 /* Base */ = {isa = PBXFileReference; lastKnownFileType = file.storyboard; name = Base; path = Base.lproj/Main.storyboard; sourceTree = "<group>"; };
		60C816261F6248AA00CEC5D6 /* Assets.xcassets */ = {isa = PBXFileReference; lastKnownFileType = folder.assetcatalog; path = Assets.xcassets; sourceTree = "<group>"; };
		60C816291F6248AA00CEC5D6 /* Base */ = {isa = PBXFileReference; lastKnownFileType = file.storyboard; name = Base; path = Base.lproj/LaunchScreen.storyboard; sourceTree = "<group>"; };
		60C8162B1F6248AB00CEC5D6 /* Info.plist */ = {isa = PBXFileReference; lastKnownFileType = text.plist.xml; path = Info.plist; sourceTree = "<group>"; };
		60C816301F6248AB00CEC5D6 /* PBBaseClassesTests.xctest */ = {isa = PBXFileReference; explicitFileType = wrapper.cfbundle; includeInIndex = 0; path = PBBaseClassesTests.xctest; sourceTree = BUILT_PRODUCTS_DIR; };
		60C816341F6248AB00CEC5D6 /* PBBaseClassesTests.m */ = {isa = PBXFileReference; lastKnownFileType = sourcecode.c.objc; path = PBBaseClassesTests.m; sourceTree = "<group>"; };
		60C816361F6248AB00CEC5D6 /* Info.plist */ = {isa = PBXFileReference; lastKnownFileType = text.plist.xml; path = Info.plist; sourceTree = "<group>"; };
		60C8163B1F6248AB00CEC5D6 /* PBBaseClassesUITests.xctest */ = {isa = PBXFileReference; explicitFileType = wrapper.cfbundle; includeInIndex = 0; path = PBBaseClassesUITests.xctest; sourceTree = BUILT_PRODUCTS_DIR; };
		60C8163F1F6248AB00CEC5D6 /* PBBaseClassesUITests.m */ = {isa = PBXFileReference; lastKnownFileType = sourcecode.c.objc; path = PBBaseClassesUITests.m; sourceTree = "<group>"; };
		60C816411F6248AB00CEC5D6 /* Info.plist */ = {isa = PBXFileReference; lastKnownFileType = text.plist.xml; path = Info.plist; sourceTree = "<group>"; };
		60C816551F624AA700CEC5D6 /* PBBaseProfile.h */ = {isa = PBXFileReference; fileEncoding = 4; lastKnownFileType = sourcecode.c.h; path = PBBaseProfile.h; sourceTree = "<group>"; };
		60C816561F624AA700CEC5D6 /* PBBaseProfile.m */ = {isa = PBXFileReference; fileEncoding = 4; lastKnownFileType = sourcecode.c.objc; path = PBBaseProfile.m; sourceTree = "<group>"; };
		60C816581F624ACB00CEC5D6 /* PBConstant.h */ = {isa = PBXFileReference; fileEncoding = 4; lastKnownFileType = sourcecode.c.h; path = PBConstant.h; sourceTree = "<group>"; };
		60C816591F624BD100CEC5D6 /* PBBaseNavigationProfile.h */ = {isa = PBXFileReference; fileEncoding = 4; lastKnownFileType = sourcecode.c.h; path = PBBaseNavigationProfile.h; sourceTree = "<group>"; };
		60C8165A1F624BD100CEC5D6 /* PBBaseNavigationProfile.m */ = {isa = PBXFileReference; fileEncoding = 4; lastKnownFileType = sourcecode.c.objc; path = PBBaseNavigationProfile.m; sourceTree = "<group>"; };
		60C8165F1F624C6400CEC5D6 /* en */ = {isa = PBXFileReference; lastKnownFileType = text.plist.strings; name = en; path = en.lproj/PBBaseClasses.strings; sourceTree = "<group>"; };
		60C816611F624D0F00CEC5D6 /* PBBaseTabBarProfile.h */ = {isa = PBXFileReference; fileEncoding = 4; lastKnownFileType = sourcecode.c.h; path = PBBaseTabBarProfile.h; sourceTree = "<group>"; };
		60C816621F624D0F00CEC5D6 /* PBBaseTabBarProfile.m */ = {isa = PBXFileReference; fileEncoding = 4; lastKnownFileType = sourcecode.c.objc; path = PBBaseTabBarProfile.m; sourceTree = "<group>"; };
		60C816641F624DAF00CEC5D6 /* PBIndicateButton.h */ = {isa = PBXFileReference; fileEncoding = 4; lastKnownFileType = sourcecode.c.h; path = PBIndicateButton.h; sourceTree = "<group>"; };
		60C816651F624DAF00CEC5D6 /* PBIndicateButton.m */ = {isa = PBXFileReference; fileEncoding = 4; lastKnownFileType = sourcecode.c.objc; path = PBIndicateButton.m; sourceTree = "<group>"; };
		60C816671F624E2200CEC5D6 /* PBButton.h */ = {isa = PBXFileReference; fileEncoding = 4; lastKnownFileType = sourcecode.c.h; path = PBButton.h; sourceTree = "<group>"; };
		60C816681F624E2200CEC5D6 /* PBButton.m */ = {isa = PBXFileReference; fileEncoding = 4; lastKnownFileType = sourcecode.c.objc; path = PBButton.m; sourceTree = "<group>"; };
		60C8166A1F624E5C00CEC5D6 /* PBView.h */ = {isa = PBXFileReference; fileEncoding = 4; lastKnownFileType = sourcecode.c.h; path = PBView.h; sourceTree = "<group>"; };
		60C8166B1F624E5C00CEC5D6 /* PBView.m */ = {isa = PBXFileReference; fileEncoding = 4; lastKnownFileType = sourcecode.c.objc; path = PBView.m; sourceTree = "<group>"; };
		60C8166D1F624EA900CEC5D6 /* PBCell.h */ = {isa = PBXFileReference; fileEncoding = 4; lastKnownFileType = sourcecode.c.h; path = PBCell.h; sourceTree = "<group>"; };
		60C8166E1F624EA900CEC5D6 /* PBCell.m */ = {isa = PBXFileReference; fileEncoding = 4; lastKnownFileType = sourcecode.c.objc; path = PBCell.m; sourceTree = "<group>"; };
		60C816701F624ED700CEC5D6 /* PBTabBarItem.h */ = {isa = PBXFileReference; fileEncoding = 4; lastKnownFileType = sourcecode.c.h; path = PBTabBarItem.h; sourceTree = "<group>"; };
		60C816711F624ED700CEC5D6 /* PBTabBarItem.m */ = {isa = PBXFileReference; fileEncoding = 4; lastKnownFileType = sourcecode.c.objc; path = PBTabBarItem.m; sourceTree = "<group>"; };
		60C816731F624F2900CEC5D6 /* PBBaseTabBarProfile+Hidden.h */ = {isa = PBXFileReference; fileEncoding = 4; lastKnownFileType = sourcecode.c.h; path = "PBBaseTabBarProfile+Hidden.h"; sourceTree = "<group>"; };
		60C816741F624F2900CEC5D6 /* PBBaseTabBarProfile+Hidden.m */ = {isa = PBXFileReference; fileEncoding = 4; lastKnownFileType = sourcecode.c.objc; path = "PBBaseTabBarProfile+Hidden.m"; sourceTree = "<group>"; };
		60C816761F624F6800CEC5D6 /* PBBaseClasses.strings */ = {isa = PBXFileReference; fileEncoding = 4; lastKnownFileType = text.plist.strings; path = PBBaseClasses.strings; sourceTree = "<group>"; };
		60C816781F624F8000CEC5D6 /* zh-Hans */ = {isa = PBXFileReference; lastKnownFileType = text.plist.strings; name = "zh-Hans"; path = "zh-Hans.lproj/Main.strings"; sourceTree = "<group>"; };
		60C816791F624F8000CEC5D6 /* zh-Hans */ = {isa = PBXFileReference; lastKnownFileType = text.plist.strings; name = "zh-Hans"; path = "zh-Hans.lproj/LaunchScreen.strings"; sourceTree = "<group>"; };
		60C8167A1F624F8000CEC5D6 /* zh-Hans */ = {isa = PBXFileReference; lastKnownFileType = text.plist.strings; name = "zh-Hans"; path = "zh-Hans.lproj/PBBaseClasses.strings"; sourceTree = "<group>"; };
		60C8167C1F62505400CEC5D6 /* PBBaseProfile+Delegate.h */ = {isa = PBXFileReference; fileEncoding = 4; lastKnownFileType = sourcecode.c.h; path = "PBBaseProfile+Delegate.h"; sourceTree = "<group>"; };
		60C8167D1F62505400CEC5D6 /* PBBaseProfile+Delegate.m */ = {isa = PBXFileReference; fileEncoding = 4; lastKnownFileType = sourcecode.c.objc; path = "PBBaseProfile+Delegate.m"; sourceTree = "<group>"; };
		60C816801F6250E100CEC5D6 /* HiddenController.h */ = {isa = PBXFileReference; fileEncoding = 4; lastKnownFileType = sourcecode.c.h; path = HiddenController.h; sourceTree = "<group>"; };
		60C816811F6250E100CEC5D6 /* HiddenController.m */ = {isa = PBXFileReference; fileEncoding = 4; lastKnownFileType = sourcecode.c.objc; path = HiddenController.m; sourceTree = "<group>"; };
		60C816821F6250E100CEC5D6 /* PopController.h */ = {isa = PBXFileReference; fileEncoding = 4; lastKnownFileType = sourcecode.c.h; path = PopController.h; sourceTree = "<group>"; };
		60C816831F6250E100CEC5D6 /* PopController.m */ = {isa = PBXFileReference; fileEncoding = 4; lastKnownFileType = sourcecode.c.objc; path = PopController.m; sourceTree = "<group>"; };
		60C816841F6250E100CEC5D6 /* PresentController.h */ = {isa = PBXFileReference; fileEncoding = 4; lastKnownFileType = sourcecode.c.h; path = PresentController.h; sourceTree = "<group>"; };
		60C816851F6250E100CEC5D6 /* PresentController.m */ = {isa = PBXFileReference; fileEncoding = 4; lastKnownFileType = sourcecode.c.objc; path = PresentController.m; sourceTree = "<group>"; };
		60C816861F6250E100CEC5D6 /* SearchController.h */ = {isa = PBXFileReference; fileEncoding = 4; lastKnownFileType = sourcecode.c.h; path = SearchController.h; sourceTree = "<group>"; };
		60C816871F6250E100CEC5D6 /* SearchController.m */ = {isa = PBXFileReference; fileEncoding = 4; lastKnownFileType = sourcecode.c.objc; path = SearchController.m; sourceTree = "<group>"; };
		60C8168C1F62529D00CEC5D6 /* PBBaseFont.ttf */ = {isa = PBXFileReference; lastKnownFileType = file; path = PBBaseFont.ttf; sourceTree = "<group>"; };
		60C8179A1F627E8000CEC5D6 /* PBBaseClasses.h */ = {isa = PBXFileReference; fileEncoding = 4; lastKnownFileType = sourcecode.c.h; path = PBBaseClasses.h; sourceTree = "<group>"; };
		60C817A01F6283E800CEC5D6 /* PBClasses.framework */ = {isa = PBXFileReference; explicitFileType = wrapper.framework; includeInIndex = 0; path = PBClasses.framework; sourceTree = BUILT_PRODUCTS_DIR; };
		60C817A21F6283E800CEC5D6 /* PBClasses.h */ = {isa = PBXFileReference; lastKnownFileType = sourcecode.c.h; path = PBClasses.h; sourceTree = "<group>"; };
		60C817A31F6283E900CEC5D6 /* Info.plist */ = {isa = PBXFileReference; lastKnownFileType = text.plist.xml; path = Info.plist; sourceTree = "<group>"; };
		60C817A81F6283E900CEC5D6 /* PBClassesTests.xctest */ = {isa = PBXFileReference; explicitFileType = wrapper.cfbundle; includeInIndex = 0; path = PBClassesTests.xctest; sourceTree = BUILT_PRODUCTS_DIR; };
		60C817AF1F6283E900CEC5D6 /* PBClassesTests.m */ = {isa = PBXFileReference; lastKnownFileType = sourcecode.c.objc; path = PBClassesTests.m; sourceTree = "<group>"; };
		60C817B11F6283E900CEC5D6 /* Info.plist */ = {isa = PBXFileReference; lastKnownFileType = text.plist.xml; path = Info.plist; sourceTree = "<group>"; };
		60C818CF1F650DB500CEC5D6 /* PBURLRouter.framework */ = {isa = PBXFileReference; lastKnownFileType = wrapper.framework; name = PBURLRouter.framework; path = PBClasses/PBURLRouter.framework; sourceTree = "<group>"; };
		6AFE0A7591AE819E53B7EA95 /* Pods-PBClasses.release.xcconfig */ = {isa = PBXFileReference; includeInIndex = 1; lastKnownFileType = text.xcconfig; name = "Pods-PBClasses.release.xcconfig"; path = "Pods/Target Support Files/Pods-PBClasses/Pods-PBClasses.release.xcconfig"; sourceTree = "<group>"; };
		849619B291A348AF83187F58 /* Pods-PBBaseClasses.release.xcconfig */ = {isa = PBXFileReference; includeInIndex = 1; lastKnownFileType = text.xcconfig; name = "Pods-PBBaseClasses.release.xcconfig"; path = "Pods/Target Support Files/Pods-PBBaseClasses/Pods-PBBaseClasses.release.xcconfig"; sourceTree = "<group>"; };
		9ACAE2F46F36EF71CE8955A0 /* Pods-PBBaseClasses.debug.xcconfig */ = {isa = PBXFileReference; includeInIndex = 1; lastKnownFileType = text.xcconfig; name = "Pods-PBBaseClasses.debug.xcconfig"; path = "Pods/Target Support Files/Pods-PBBaseClasses/Pods-PBBaseClasses.debug.xcconfig"; sourceTree = "<group>"; };
		D5EAC2EC24CA031226C1D0F4 /* Pods-PBClasses.debug.xcconfig */ = {isa = PBXFileReference; includeInIndex = 1; lastKnownFileType = text.xcconfig; name = "Pods-PBClasses.debug.xcconfig"; path = "Pods/Target Support Files/Pods-PBClasses/Pods-PBClasses.debug.xcconfig"; sourceTree = "<group>"; };
		DB1BB8ABBC625F4E8DD6FEC1 /* libPods-PBClasses.a */ = {isa = PBXFileReference; explicitFileType = archive.ar; includeInIndex = 0; path = "libPods-PBClasses.a"; sourceTree = BUILT_PRODUCTS_DIR; };
		EDB2790D82A39951EADBCE62 /* libPods-PBBaseClasses.a */ = {isa = PBXFileReference; explicitFileType = archive.ar; includeInIndex = 0; path = "libPods-PBBaseClasses.a"; sourceTree = BUILT_PRODUCTS_DIR; };
/* End PBXFileReference section */

/* Begin PBXFrameworksBuildPhase section */
		60C816141F6248AA00CEC5D6 /* Frameworks */ = {
			isa = PBXFrameworksBuildPhase;
			buildActionMask = 2147483647;
			files = (
				60C818D41F6517FB00CEC5D6 /* PBURLRouter.framework in Frameworks */,
				053345705024FD217350A093 /* libPods-PBBaseClasses.a in Frameworks */,
			);
			runOnlyForDeploymentPostprocessing = 0;
		};
		60C8162D1F6248AB00CEC5D6 /* Frameworks */ = {
			isa = PBXFrameworksBuildPhase;
			buildActionMask = 2147483647;
			files = (
			);
			runOnlyForDeploymentPostprocessing = 0;
		};
		60C816381F6248AB00CEC5D6 /* Frameworks */ = {
			isa = PBXFrameworksBuildPhase;
			buildActionMask = 2147483647;
			files = (
			);
			runOnlyForDeploymentPostprocessing = 0;
		};
		60C8179C1F6283E800CEC5D6 /* Frameworks */ = {
			isa = PBXFrameworksBuildPhase;
			buildActionMask = 2147483647;
			files = (
				60C818D31F6517ED00CEC5D6 /* PBURLRouter.framework in Frameworks */,
				BBDB67D58B421E62BDF2BC38 /* libPods-PBClasses.a in Frameworks */,
			);
			runOnlyForDeploymentPostprocessing = 0;
		};
		60C817A51F6283E900CEC5D6 /* Frameworks */ = {
			isa = PBXFrameworksBuildPhase;
			buildActionMask = 2147483647;
			files = (
				60C817A91F6283E900CEC5D6 /* PBClasses.framework in Frameworks */,
			);
			runOnlyForDeploymentPostprocessing = 0;
		};
/* End PBXFrameworksBuildPhase section */

/* Begin PBXGroup section */
		60C8160E1F6248A900CEC5D6 = {
			isa = PBXGroup;
			children = (
				60C816191F6248AA00CEC5D6 /* PBBaseClasses */,
				60C816331F6248AB00CEC5D6 /* PBBaseClassesTests */,
				60C8163E1F6248AB00CEC5D6 /* PBBaseClassesUITests */,
				60C817A11F6283E800CEC5D6 /* PBClasses */,
				60C817AE1F6283E900CEC5D6 /* PBClassesTests */,
				60C816181F6248AA00CEC5D6 /* Products */,
				BDFB95B0E2BDCF17D74F1CDD /* Pods */,
				E6E449C28DD13C3160D57DAE /* Frameworks */,
			);
			sourceTree = "<group>";
		};
		60C816181F6248AA00CEC5D6 /* Products */ = {
			isa = PBXGroup;
			children = (
				60C816171F6248AA00CEC5D6 /* PBBaseClasses.app */,
				60C816301F6248AB00CEC5D6 /* PBBaseClassesTests.xctest */,
				60C8163B1F6248AB00CEC5D6 /* PBBaseClassesUITests.xctest */,
				60C817A01F6283E800CEC5D6 /* PBClasses.framework */,
				60C817A81F6283E900CEC5D6 /* PBClassesTests.xctest */,
			);
			name = Products;
			sourceTree = "<group>";
		};
		60C816191F6248AA00CEC5D6 /* PBBaseClasses */ = {
			isa = PBXGroup;
			children = (
				60C8167F1F6250E100CEC5D6 /* PushPopStacks */,
				60C8167B1F62503D00CEC5D6 /* demoCategory */,
				60C8164D1F624A6A00CEC5D6 /* Pod */,
				60C8161D1F6248AA00CEC5D6 /* AppDelegate.h */,
				60C8161E1F6248AA00CEC5D6 /* AppDelegate.m */,
				60C816201F6248AA00CEC5D6 /* ViewController.h */,
				60C816211F6248AA00CEC5D6 /* ViewController.m */,
				60C816231F6248AA00CEC5D6 /* Main.storyboard */,
				60C816261F6248AA00CEC5D6 /* Assets.xcassets */,
				60C816281F6248AA00CEC5D6 /* LaunchScreen.storyboard */,
				60C8162B1F6248AB00CEC5D6 /* Info.plist */,
				60C8161A1F6248AA00CEC5D6 /* Supporting Files */,
			);
			path = PBBaseClasses;
			sourceTree = "<group>";
		};
		60C8161A1F6248AA00CEC5D6 /* Supporting Files */ = {
			isa = PBXGroup;
			children = (
				60C8161B1F6248AA00CEC5D6 /* main.m */,
			);
			name = "Supporting Files";
			sourceTree = "<group>";
		};
		60C816331F6248AB00CEC5D6 /* PBBaseClassesTests */ = {
			isa = PBXGroup;
			children = (
				60C816341F6248AB00CEC5D6 /* PBBaseClassesTests.m */,
				60C816361F6248AB00CEC5D6 /* Info.plist */,
			);
			path = PBBaseClassesTests;
			sourceTree = "<group>";
		};
		60C8163E1F6248AB00CEC5D6 /* PBBaseClassesUITests */ = {
			isa = PBXGroup;
			children = (
				60C8163F1F6248AB00CEC5D6 /* PBBaseClassesUITests.m */,
				60C816411F6248AB00CEC5D6 /* Info.plist */,
			);
			path = PBBaseClassesUITests;
			sourceTree = "<group>";
		};
		60C8164D1F624A6A00CEC5D6 /* Pod */ = {
			isa = PBXGroup;
			children = (
				60C8164E1F624A6A00CEC5D6 /* Assets */,
				60C8164F1F624A6A00CEC5D6 /* Classes */,
			);
			path = Pod;
			sourceTree = "<group>";
		};
		60C8164E1F624A6A00CEC5D6 /* Assets */ = {
			isa = PBXGroup;
			children = (
				60C8168C1F62529D00CEC5D6 /* PBBaseFont.ttf */,
				60C816601F624C6400CEC5D6 /* PBBaseClasses.strings */,
				60C816761F624F6800CEC5D6 /* PBBaseClasses.strings */,
			);
			path = Assets;
			sourceTree = "<group>";
		};
		60C8164F1F624A6A00CEC5D6 /* Classes */ = {
			isa = PBXGroup;
			children = (
				60C816501F624A6A00CEC5D6 /* BaseControllers */,
				60C816511F624A6A00CEC5D6 /* BaseHeaders */,
				60C816521F624A6A00CEC5D6 /* BaseViews */,
				60C816531F624A6A00CEC5D6 /* Categories */,
				60C816541F624A6A00CEC5D6 /* Constants */,
			);
			path = Classes;
			sourceTree = "<group>";
		};
		60C816501F624A6A00CEC5D6 /* BaseControllers */ = {
			isa = PBXGroup;
			children = (
				60C816551F624AA700CEC5D6 /* PBBaseProfile.h */,
				60C816561F624AA700CEC5D6 /* PBBaseProfile.m */,
				60C816591F624BD100CEC5D6 /* PBBaseNavigationProfile.h */,
				60C8165A1F624BD100CEC5D6 /* PBBaseNavigationProfile.m */,
				60C816611F624D0F00CEC5D6 /* PBBaseTabBarProfile.h */,
				60C816621F624D0F00CEC5D6 /* PBBaseTabBarProfile.m */,
			);
			path = BaseControllers;
			sourceTree = "<group>";
		};
		60C816511F624A6A00CEC5D6 /* BaseHeaders */ = {
			isa = PBXGroup;
			children = (
				60C8179A1F627E8000CEC5D6 /* PBBaseClasses.h */,
			);
			path = BaseHeaders;
			sourceTree = "<group>";
		};
		60C816521F624A6A00CEC5D6 /* BaseViews */ = {
			isa = PBXGroup;
			children = (
				60C816641F624DAF00CEC5D6 /* PBIndicateButton.h */,
				60C816651F624DAF00CEC5D6 /* PBIndicateButton.m */,
				60C816671F624E2200CEC5D6 /* PBButton.h */,
				60C816681F624E2200CEC5D6 /* PBButton.m */,
				60C8166A1F624E5C00CEC5D6 /* PBView.h */,
				60C8166B1F624E5C00CEC5D6 /* PBView.m */,
				60C8166D1F624EA900CEC5D6 /* PBCell.h */,
				60C8166E1F624EA900CEC5D6 /* PBCell.m */,
				602617021F74A84300F9D783 /* PBNavigationBar.h */,
				602617031F74A84300F9D783 /* PBNavigationBar.m */,
				60C816701F624ED700CEC5D6 /* PBTabBarItem.h */,
				60C816711F624ED700CEC5D6 /* PBTabBarItem.m */,
			);
			path = BaseViews;
			sourceTree = "<group>";
		};
		60C816531F624A6A00CEC5D6 /* Categories */ = {
			isa = PBXGroup;
			children = (
				60C816731F624F2900CEC5D6 /* PBBaseTabBarProfile+Hidden.h */,
				60C816741F624F2900CEC5D6 /* PBBaseTabBarProfile+Hidden.m */,
			);
			path = Categories;
			sourceTree = "<group>";
		};
		60C816541F624A6A00CEC5D6 /* Constants */ = {
			isa = PBXGroup;
			children = (
				60C816581F624ACB00CEC5D6 /* PBConstant.h */,
			);
			path = Constants;
			sourceTree = "<group>";
		};
		60C8167B1F62503D00CEC5D6 /* demoCategory */ = {
			isa = PBXGroup;
			children = (
				60C8167C1F62505400CEC5D6 /* PBBaseProfile+Delegate.h */,
				60C8167D1F62505400CEC5D6 /* PBBaseProfile+Delegate.m */,
			);
			path = demoCategory;
			sourceTree = "<group>";
		};
		60C8167F1F6250E100CEC5D6 /* PushPopStacks */ = {
			isa = PBXGroup;
			children = (
				60C816801F6250E100CEC5D6 /* HiddenController.h */,
				60C816811F6250E100CEC5D6 /* HiddenController.m */,
				60C816821F6250E100CEC5D6 /* PopController.h */,
				60C816831F6250E100CEC5D6 /* PopController.m */,
				60C816841F6250E100CEC5D6 /* PresentController.h */,
				60C816851F6250E100CEC5D6 /* PresentController.m */,
				60C816861F6250E100CEC5D6 /* SearchController.h */,
				60C816871F6250E100CEC5D6 /* SearchController.m */,
			);
			path = PushPopStacks;
			sourceTree = "<group>";
		};
		60C817A11F6283E800CEC5D6 /* PBClasses */ = {
			isa = PBXGroup;
			children = (
				60C817A21F6283E800CEC5D6 /* PBClasses.h */,
				60C817A31F6283E900CEC5D6 /* Info.plist */,
			);
			path = PBClasses;
			sourceTree = "<group>";
		};
		60C817AE1F6283E900CEC5D6 /* PBClassesTests */ = {
			isa = PBXGroup;
			children = (
				60C817AF1F6283E900CEC5D6 /* PBClassesTests.m */,
				60C817B11F6283E900CEC5D6 /* Info.plist */,
			);
			path = PBClassesTests;
			sourceTree = "<group>";
		};
		BDFB95B0E2BDCF17D74F1CDD /* Pods */ = {
			isa = PBXGroup;
			children = (
				9ACAE2F46F36EF71CE8955A0 /* Pods-PBBaseClasses.debug.xcconfig */,
				849619B291A348AF83187F58 /* Pods-PBBaseClasses.release.xcconfig */,
				D5EAC2EC24CA031226C1D0F4 /* Pods-PBClasses.debug.xcconfig */,
				6AFE0A7591AE819E53B7EA95 /* Pods-PBClasses.release.xcconfig */,
			);
			name = Pods;
			sourceTree = "<group>";
		};
		E6E449C28DD13C3160D57DAE /* Frameworks */ = {
			isa = PBXGroup;
			children = (
				60C818CF1F650DB500CEC5D6 /* PBURLRouter.framework */,
				EDB2790D82A39951EADBCE62 /* libPods-PBBaseClasses.a */,
				DB1BB8ABBC625F4E8DD6FEC1 /* libPods-PBClasses.a */,
			);
			name = Frameworks;
			sourceTree = "<group>";
		};
/* End PBXGroup section */

/* Begin PBXHeadersBuildPhase section */
		60C8179D1F6283E800CEC5D6 /* Headers */ = {
			isa = PBXHeadersBuildPhase;
			buildActionMask = 2147483647;
			files = (
				60C817B21F6283E900CEC5D6 /* PBClasses.h in Headers */,
				60C817D01F62844900CEC5D6 /* PBConstant.h in Headers */,
				60C817BF1F62844900CEC5D6 /* PBBaseProfile.h in Headers */,
				60C817C61F62844900CEC5D6 /* PBIndicateButton.h in Headers */,
				60C817C31F62844900CEC5D6 /* PBBaseTabBarProfile.h in Headers */,
				60C817C11F62844900CEC5D6 /* PBBaseNavigationProfile.h in Headers */,
				60C817C81F62844900CEC5D6 /* PBButton.h in Headers */,
				60C817CC1F62844900CEC5D6 /* PBCell.h in Headers */,
				60C817CA1F62844900CEC5D6 /* PBView.h in Headers */,
				60C817C51F62844900CEC5D6 /* PBBaseClasses.h in Headers */,
				60C817CE1F62844900CEC5D6 /* PBTabBarItem.h in Headers */,
			);
			runOnlyForDeploymentPostprocessing = 0;
		};
/* End PBXHeadersBuildPhase section */

/* Begin PBXNativeTarget section */
		60C816161F6248AA00CEC5D6 /* PBBaseClasses */ = {
			isa = PBXNativeTarget;
			buildConfigurationList = 60C816441F6248AB00CEC5D6 /* Build configuration list for PBXNativeTarget "PBBaseClasses" */;
			buildPhases = (
				2CAAFA5173A913179FD2F5A6 /* [CP] Check Pods Manifest.lock */,
				60C816131F6248AA00CEC5D6 /* Sources */,
				60C816141F6248AA00CEC5D6 /* Frameworks */,
				60C816151F6248AA00CEC5D6 /* Resources */,
				5FA5EC0185185E89022C868D /* [CP] Embed Pods Frameworks */,
				AEBE9657224CD17969A415D9 /* [CP] Copy Pods Resources */,
				60C817BA1F6283E900CEC5D6 /* Embed Frameworks */,
			);
			buildRules = (
			);
			dependencies = (
				60C817B41F6283E900CEC5D6 /* PBXTargetDependency */,
			);
			name = PBBaseClasses;
			productName = PBBaseClasses;
			productReference = 60C816171F6248AA00CEC5D6 /* PBBaseClasses.app */;
			productType = "com.apple.product-type.application";
		};
		60C8162F1F6248AB00CEC5D6 /* PBBaseClassesTests */ = {
			isa = PBXNativeTarget;
			buildConfigurationList = 60C816471F6248AB00CEC5D6 /* Build configuration list for PBXNativeTarget "PBBaseClassesTests" */;
			buildPhases = (
				60C8162C1F6248AB00CEC5D6 /* Sources */,
				60C8162D1F6248AB00CEC5D6 /* Frameworks */,
				60C8162E1F6248AB00CEC5D6 /* Resources */,
			);
			buildRules = (
			);
			dependencies = (
				60C816321F6248AB00CEC5D6 /* PBXTargetDependency */,
			);
			name = PBBaseClassesTests;
			productName = PBBaseClassesTests;
			productReference = 60C816301F6248AB00CEC5D6 /* PBBaseClassesTests.xctest */;
			productType = "com.apple.product-type.bundle.unit-test";
		};
		60C8163A1F6248AB00CEC5D6 /* PBBaseClassesUITests */ = {
			isa = PBXNativeTarget;
			buildConfigurationList = 60C8164A1F6248AB00CEC5D6 /* Build configuration list for PBXNativeTarget "PBBaseClassesUITests" */;
			buildPhases = (
				60C816371F6248AB00CEC5D6 /* Sources */,
				60C816381F6248AB00CEC5D6 /* Frameworks */,
				60C816391F6248AB00CEC5D6 /* Resources */,
			);
			buildRules = (
			);
			dependencies = (
				60C8163D1F6248AB00CEC5D6 /* PBXTargetDependency */,
			);
			name = PBBaseClassesUITests;
			productName = PBBaseClassesUITests;
			productReference = 60C8163B1F6248AB00CEC5D6 /* PBBaseClassesUITests.xctest */;
			productType = "com.apple.product-type.bundle.ui-testing";
		};
		60C8179F1F6283E800CEC5D6 /* PBClasses */ = {
			isa = PBXNativeTarget;
			buildConfigurationList = 60C817B71F6283E900CEC5D6 /* Build configuration list for PBXNativeTarget "PBClasses" */;
			buildPhases = (
				260123D0EE16CF41BB50C9E0 /* [CP] Check Pods Manifest.lock */,
				60C8179B1F6283E800CEC5D6 /* Sources */,
				60C8179C1F6283E800CEC5D6 /* Frameworks */,
				60C8179D1F6283E800CEC5D6 /* Headers */,
				60C8179E1F6283E800CEC5D6 /* Resources */,
				0D15EBEA87AE8ACAC65D7F2D /* [CP] Copy Pods Resources */,
			);
			buildRules = (
			);
			dependencies = (
			);
			name = PBClasses;
			productName = PBClasses;
			productReference = 60C817A01F6283E800CEC5D6 /* PBClasses.framework */;
			productType = "com.apple.product-type.framework";
		};
		60C817A71F6283E900CEC5D6 /* PBClassesTests */ = {
			isa = PBXNativeTarget;
			buildConfigurationList = 60C817BB1F6283E900CEC5D6 /* Build configuration list for PBXNativeTarget "PBClassesTests" */;
			buildPhases = (
				60C817A41F6283E900CEC5D6 /* Sources */,
				60C817A51F6283E900CEC5D6 /* Frameworks */,
				60C817A61F6283E900CEC5D6 /* Resources */,
			);
			buildRules = (
			);
			dependencies = (
				60C817AB1F6283E900CEC5D6 /* PBXTargetDependency */,
				60C817AD1F6283E900CEC5D6 /* PBXTargetDependency */,
			);
			name = PBClassesTests;
			productName = PBClassesTests;
			productReference = 60C817A81F6283E900CEC5D6 /* PBClassesTests.xctest */;
			productType = "com.apple.product-type.bundle.unit-test";
		};
/* End PBXNativeTarget section */

/* Begin PBXProject section */
		60C8160F1F6248A900CEC5D6 /* Project object */ = {
			isa = PBXProject;
			attributes = {
				LastUpgradeCheck = 0830;
				ORGANIZATIONNAME = nanhujiaju;
				TargetAttributes = {
					60C816161F6248AA00CEC5D6 = {
						CreatedOnToolsVersion = 8.3.3;
						DevelopmentTeam = M8K6A7692X;
						ProvisioningStyle = Automatic;
					};
					60C8162F1F6248AB00CEC5D6 = {
						CreatedOnToolsVersion = 8.3.3;
						DevelopmentTeam = M8K6A7692X;
						ProvisioningStyle = Automatic;
						TestTargetID = 60C816161F6248AA00CEC5D6;
					};
					60C8163A1F6248AB00CEC5D6 = {
						CreatedOnToolsVersion = 8.3.3;
						DevelopmentTeam = M8K6A7692X;
						ProvisioningStyle = Automatic;
						TestTargetID = 60C816161F6248AA00CEC5D6;
					};
					60C8179F1F6283E800CEC5D6 = {
						CreatedOnToolsVersion = 8.3.3;
						DevelopmentTeam = M8K6A7692X;
						ProvisioningStyle = Automatic;
					};
					60C817A71F6283E900CEC5D6 = {
						CreatedOnToolsVersion = 8.3.3;
						DevelopmentTeam = M8K6A7692X;
						ProvisioningStyle = Automatic;
						TestTargetID = 60C816161F6248AA00CEC5D6;
					};
				};
			};
			buildConfigurationList = 60C816121F6248A900CEC5D6 /* Build configuration list for PBXProject "PBBaseClasses" */;
			compatibilityVersion = "Xcode 3.2";
			developmentRegion = English;
			hasScannedForEncodings = 0;
			knownRegions = (
				en,
				Base,
				"zh-Hans",
			);
			mainGroup = 60C8160E1F6248A900CEC5D6;
			productRefGroup = 60C816181F6248AA00CEC5D6 /* Products */;
			projectDirPath = "";
			projectRoot = "";
			targets = (
				60C816161F6248AA00CEC5D6 /* PBBaseClasses */,
				60C8162F1F6248AB00CEC5D6 /* PBBaseClassesTests */,
				60C8163A1F6248AB00CEC5D6 /* PBBaseClassesUITests */,
				60C8179F1F6283E800CEC5D6 /* PBClasses */,
				60C817A71F6283E900CEC5D6 /* PBClassesTests */,
			);
		};
/* End PBXProject section */

/* Begin PBXResourcesBuildPhase section */
		60C816151F6248AA00CEC5D6 /* Resources */ = {
			isa = PBXResourcesBuildPhase;
			buildActionMask = 2147483647;
			files = (
				60C8168D1F62529D00CEC5D6 /* PBBaseFont.ttf in Resources */,
				60C8165E1F624C6400CEC5D6 /* PBBaseClasses.strings in Resources */,
				60C8162A1F6248AA00CEC5D6 /* LaunchScreen.storyboard in Resources */,
				60C816271F6248AA00CEC5D6 /* Assets.xcassets in Resources */,
				60C816771F624F6800CEC5D6 /* PBBaseClasses.strings in Resources */,
				60C816251F6248AA00CEC5D6 /* Main.storyboard in Resources */,
			);
			runOnlyForDeploymentPostprocessing = 0;
		};
		60C8162E1F6248AB00CEC5D6 /* Resources */ = {
			isa = PBXResourcesBuildPhase;
			buildActionMask = 2147483647;
			files = (
			);
			runOnlyForDeploymentPostprocessing = 0;
		};
		60C816391F6248AB00CEC5D6 /* Resources */ = {
			isa = PBXResourcesBuildPhase;
			buildActionMask = 2147483647;
			files = (
			);
			runOnlyForDeploymentPostprocessing = 0;
		};
		60C8179E1F6283E800CEC5D6 /* Resources */ = {
			isa = PBXResourcesBuildPhase;
			buildActionMask = 2147483647;
			files = (
				60C817D11F6284A100CEC5D6 /* PBBaseClasses.strings in Resources */,
			);
			runOnlyForDeploymentPostprocessing = 0;
		};
		60C817A61F6283E900CEC5D6 /* Resources */ = {
			isa = PBXResourcesBuildPhase;
			buildActionMask = 2147483647;
			files = (
			);
			runOnlyForDeploymentPostprocessing = 0;
		};
/* End PBXResourcesBuildPhase section */

/* Begin PBXShellScriptBuildPhase section */
		0D15EBEA87AE8ACAC65D7F2D /* [CP] Copy Pods Resources */ = {
			isa = PBXShellScriptBuildPhase;
			buildActionMask = 2147483647;
			files = (
			);
			inputPaths = (
			);
			name = "[CP] Copy Pods Resources";
			outputPaths = (
			);
			runOnlyForDeploymentPostprocessing = 0;
			shellPath = /bin/sh;
			shellScript = "\"${SRCROOT}/Pods/Target Support Files/Pods-PBClasses/Pods-PBClasses-resources.sh\"\n";
			showEnvVarsInLog = 0;
		};
		260123D0EE16CF41BB50C9E0 /* [CP] Check Pods Manifest.lock */ = {
			isa = PBXShellScriptBuildPhase;
			buildActionMask = 2147483647;
			files = (
			);
			inputPaths = (
			);
			name = "[CP] Check Pods Manifest.lock";
			outputPaths = (
			);
			runOnlyForDeploymentPostprocessing = 0;
			shellPath = /bin/sh;
			shellScript = "diff \"${PODS_ROOT}/../Podfile.lock\" \"${PODS_ROOT}/Manifest.lock\" > /dev/null\nif [ $? != 0 ] ; then\n    # print error to STDERR\n    echo \"error: The sandbox is not in sync with the Podfile.lock. Run 'pod install' or update your CocoaPods installation.\" >&2\n    exit 1\nfi\n";
			showEnvVarsInLog = 0;
		};
		2CAAFA5173A913179FD2F5A6 /* [CP] Check Pods Manifest.lock */ = {
			isa = PBXShellScriptBuildPhase;
			buildActionMask = 2147483647;
			files = (
			);
			inputPaths = (
			);
			name = "[CP] Check Pods Manifest.lock";
			outputPaths = (
			);
			runOnlyForDeploymentPostprocessing = 0;
			shellPath = /bin/sh;
			shellScript = "diff \"${PODS_ROOT}/../Podfile.lock\" \"${PODS_ROOT}/Manifest.lock\" > /dev/null\nif [ $? != 0 ] ; then\n    # print error to STDERR\n    echo \"error: The sandbox is not in sync with the Podfile.lock. Run 'pod install' or update your CocoaPods installation.\" >&2\n    exit 1\nfi\n";
			showEnvVarsInLog = 0;
		};
		5FA5EC0185185E89022C868D /* [CP] Embed Pods Frameworks */ = {
			isa = PBXShellScriptBuildPhase;
			buildActionMask = 2147483647;
			files = (
			);
			inputPaths = (
			);
			name = "[CP] Embed Pods Frameworks";
			outputPaths = (
			);
			runOnlyForDeploymentPostprocessing = 0;
			shellPath = /bin/sh;
			shellScript = "\"${SRCROOT}/Pods/Target Support Files/Pods-PBBaseClasses/Pods-PBBaseClasses-frameworks.sh\"\n";
			showEnvVarsInLog = 0;
		};
		AEBE9657224CD17969A415D9 /* [CP] Copy Pods Resources */ = {
			isa = PBXShellScriptBuildPhase;
			buildActionMask = 2147483647;
			files = (
			);
			inputPaths = (
			);
			name = "[CP] Copy Pods Resources";
			outputPaths = (
			);
			runOnlyForDeploymentPostprocessing = 0;
			shellPath = /bin/sh;
			shellScript = "\"${SRCROOT}/Pods/Target Support Files/Pods-PBBaseClasses/Pods-PBBaseClasses-resources.sh\"\n";
			showEnvVarsInLog = 0;
		};
/* End PBXShellScriptBuildPhase section */

/* Begin PBXSourcesBuildPhase section */
		60C816131F6248AA00CEC5D6 /* Sources */ = {
			isa = PBXSourcesBuildPhase;
			buildActionMask = 2147483647;
			files = (
				60C816751F624F2900CEC5D6 /* PBBaseTabBarProfile+Hidden.m in Sources */,
				602617041F74A84300F9D783 /* PBNavigationBar.m in Sources */,
				60C816571F624AA700CEC5D6 /* PBBaseProfile.m in Sources */,
				60C8167E1F62505400CEC5D6 /* PBBaseProfile+Delegate.m in Sources */,
				60C8168A1F6250E100CEC5D6 /* PresentController.m in Sources */,
				60C8168B1F6250E100CEC5D6 /* SearchController.m in Sources */,
				60C816661F624DAF00CEC5D6 /* PBIndicateButton.m in Sources */,
				60C8166C1F624E5C00CEC5D6 /* PBView.m in Sources */,
				60C8166F1F624EA900CEC5D6 /* PBCell.m in Sources */,
				60C816221F6248AA00CEC5D6 /* ViewController.m in Sources */,
				60C816691F624E2200CEC5D6 /* PBButton.m in Sources */,
				60C816631F624D0F00CEC5D6 /* PBBaseTabBarProfile.m in Sources */,
				60C816881F6250E100CEC5D6 /* HiddenController.m in Sources */,
				60C8161F1F6248AA00CEC5D6 /* AppDelegate.m in Sources */,
				60C816891F6250E100CEC5D6 /* PopController.m in Sources */,
				60C8161C1F6248AA00CEC5D6 /* main.m in Sources */,
				60C8165B1F624BD100CEC5D6 /* PBBaseNavigationProfile.m in Sources */,
				60C816721F624ED700CEC5D6 /* PBTabBarItem.m in Sources */,
			);
			runOnlyForDeploymentPostprocessing = 0;
		};
		60C8162C1F6248AB00CEC5D6 /* Sources */ = {
			isa = PBXSourcesBuildPhase;
			buildActionMask = 2147483647;
			files = (
				60C816351F6248AB00CEC5D6 /* PBBaseClassesTests.m in Sources */,
			);
			runOnlyForDeploymentPostprocessing = 0;
		};
		60C816371F6248AB00CEC5D6 /* Sources */ = {
			isa = PBXSourcesBuildPhase;
			buildActionMask = 2147483647;
			files = (
				60C816401F6248AB00CEC5D6 /* PBBaseClassesUITests.m in Sources */,
			);
			runOnlyForDeploymentPostprocessing = 0;
		};
		60C8179B1F6283E800CEC5D6 /* Sources */ = {
			isa = PBXSourcesBuildPhase;
			buildActionMask = 2147483647;
			files = (
				60C817C01F62844900CEC5D6 /* PBBaseProfile.m in Sources */,
				60C817C21F62844900CEC5D6 /* PBBaseNavigationProfile.m in Sources */,
				60C817C41F62844900CEC5D6 /* PBBaseTabBarProfile.m in Sources */,
				60C817C71F62844900CEC5D6 /* PBIndicateButton.m in Sources */,
				60C817C91F62844900CEC5D6 /* PBButton.m in Sources */,
				60C817CB1F62844900CEC5D6 /* PBView.m in Sources */,
				60C817CD1F62844900CEC5D6 /* PBCell.m in Sources */,
				60C817CF1F62844900CEC5D6 /* PBTabBarItem.m in Sources */,
			);
			runOnlyForDeploymentPostprocessing = 0;
		};
		60C817A41F6283E900CEC5D6 /* Sources */ = {
			isa = PBXSourcesBuildPhase;
			buildActionMask = 2147483647;
			files = (
				60C817B01F6283E900CEC5D6 /* PBClassesTests.m in Sources */,
			);
			runOnlyForDeploymentPostprocessing = 0;
		};
/* End PBXSourcesBuildPhase section */

/* Begin PBXTargetDependency section */
		60C816321F6248AB00CEC5D6 /* PBXTargetDependency */ = {
			isa = PBXTargetDependency;
			target = 60C816161F6248AA00CEC5D6 /* PBBaseClasses */;
			targetProxy = 60C816311F6248AB00CEC5D6 /* PBXContainerItemProxy */;
		};
		60C8163D1F6248AB00CEC5D6 /* PBXTargetDependency */ = {
			isa = PBXTargetDependency;
			target = 60C816161F6248AA00CEC5D6 /* PBBaseClasses */;
			targetProxy = 60C8163C1F6248AB00CEC5D6 /* PBXContainerItemProxy */;
		};
		60C817AB1F6283E900CEC5D6 /* PBXTargetDependency */ = {
			isa = PBXTargetDependency;
			target = 60C8179F1F6283E800CEC5D6 /* PBClasses */;
			targetProxy = 60C817AA1F6283E900CEC5D6 /* PBXContainerItemProxy */;
		};
		60C817AD1F6283E900CEC5D6 /* PBXTargetDependency */ = {
			isa = PBXTargetDependency;
			target = 60C816161F6248AA00CEC5D6 /* PBBaseClasses */;
			targetProxy = 60C817AC1F6283E900CEC5D6 /* PBXContainerItemProxy */;
		};
		60C817B41F6283E900CEC5D6 /* PBXTargetDependency */ = {
			isa = PBXTargetDependency;
			target = 60C8179F1F6283E800CEC5D6 /* PBClasses */;
			targetProxy = 60C817B31F6283E900CEC5D6 /* PBXContainerItemProxy */;
		};
/* End PBXTargetDependency section */

/* Begin PBXVariantGroup section */
		60C816231F6248AA00CEC5D6 /* Main.storyboard */ = {
			isa = PBXVariantGroup;
			children = (
				60C816241F6248AA00CEC5D6 /* Base */,
				60C816781F624F8000CEC5D6 /* zh-Hans */,
			);
			name = Main.storyboard;
			sourceTree = "<group>";
		};
		60C816281F6248AA00CEC5D6 /* LaunchScreen.storyboard */ = {
			isa = PBXVariantGroup;
			children = (
				60C816291F6248AA00CEC5D6 /* Base */,
				60C816791F624F8000CEC5D6 /* zh-Hans */,
			);
			name = LaunchScreen.storyboard;
			sourceTree = "<group>";
		};
		60C816601F624C6400CEC5D6 /* PBBaseClasses.strings */ = {
			isa = PBXVariantGroup;
			children = (
				60C8165F1F624C6400CEC5D6 /* en */,
				60C8167A1F624F8000CEC5D6 /* zh-Hans */,
			);
			name = PBBaseClasses.strings;
			sourceTree = "<group>";
		};
/* End PBXVariantGroup section */

/* Begin XCBuildConfiguration section */
		60C816421F6248AB00CEC5D6 /* Debug */ = {
			isa = XCBuildConfiguration;
			buildSettings = {
				ALWAYS_SEARCH_USER_PATHS = NO;
				CLANG_ANALYZER_LOCALIZABILITY_NONLOCALIZED = YES;
				CLANG_ANALYZER_NONNULL = YES;
				CLANG_ANALYZER_NUMBER_OBJECT_CONVERSION = YES_AGGRESSIVE;
				CLANG_CXX_LANGUAGE_STANDARD = "gnu++0x";
				CLANG_CXX_LIBRARY = "libc++";
				CLANG_ENABLE_MODULES = YES;
				CLANG_ENABLE_OBJC_ARC = YES;
				CLANG_WARN_BOOL_CONVERSION = YES;
				CLANG_WARN_CONSTANT_CONVERSION = YES;
				CLANG_WARN_DIRECT_OBJC_ISA_USAGE = YES_ERROR;
				CLANG_WARN_DOCUMENTATION_COMMENTS = YES;
				CLANG_WARN_EMPTY_BODY = YES;
				CLANG_WARN_ENUM_CONVERSION = YES;
				CLANG_WARN_INFINITE_RECURSION = YES;
				CLANG_WARN_INT_CONVERSION = YES;
				CLANG_WARN_OBJC_ROOT_CLASS = YES_ERROR;
				CLANG_WARN_SUSPICIOUS_MOVE = YES;
				CLANG_WARN_UNREACHABLE_CODE = YES;
				CLANG_WARN__DUPLICATE_METHOD_MATCH = YES;
				"CODE_SIGN_IDENTITY[sdk=iphoneos*]" = "iPhone Developer";
				COPY_PHASE_STRIP = NO;
				DEBUG_INFORMATION_FORMAT = dwarf;
				ENABLE_STRICT_OBJC_MSGSEND = YES;
				ENABLE_TESTABILITY = YES;
				GCC_C_LANGUAGE_STANDARD = gnu99;
				GCC_DYNAMIC_NO_PIC = NO;
				GCC_NO_COMMON_BLOCKS = YES;
				GCC_OPTIMIZATION_LEVEL = 0;
				GCC_PREPROCESSOR_DEFINITIONS = (
					"DEBUG=1",
					"$(inherited)",
				);
				GCC_WARN_64_TO_32_BIT_CONVERSION = YES;
				GCC_WARN_ABOUT_RETURN_TYPE = YES_ERROR;
				GCC_WARN_UNDECLARED_SELECTOR = YES;
				GCC_WARN_UNINITIALIZED_AUTOS = YES_AGGRESSIVE;
				GCC_WARN_UNUSED_FUNCTION = YES;
				GCC_WARN_UNUSED_VARIABLE = YES;
				IPHONEOS_DEPLOYMENT_TARGET = 10.3;
				MTL_ENABLE_DEBUG_INFO = YES;
				ONLY_ACTIVE_ARCH = YES;
				SDKROOT = iphoneos;
				TARGETED_DEVICE_FAMILY = "1,2";
			};
			name = Debug;
		};
		60C816431F6248AB00CEC5D6 /* Release */ = {
			isa = XCBuildConfiguration;
			buildSettings = {
				ALWAYS_SEARCH_USER_PATHS = NO;
				CLANG_ANALYZER_LOCALIZABILITY_NONLOCALIZED = YES;
				CLANG_ANALYZER_NONNULL = YES;
				CLANG_ANALYZER_NUMBER_OBJECT_CONVERSION = YES_AGGRESSIVE;
				CLANG_CXX_LANGUAGE_STANDARD = "gnu++0x";
				CLANG_CXX_LIBRARY = "libc++";
				CLANG_ENABLE_MODULES = YES;
				CLANG_ENABLE_OBJC_ARC = YES;
				CLANG_WARN_BOOL_CONVERSION = YES;
				CLANG_WARN_CONSTANT_CONVERSION = YES;
				CLANG_WARN_DIRECT_OBJC_ISA_USAGE = YES_ERROR;
				CLANG_WARN_DOCUMENTATION_COMMENTS = YES;
				CLANG_WARN_EMPTY_BODY = YES;
				CLANG_WARN_ENUM_CONVERSION = YES;
				CLANG_WARN_INFINITE_RECURSION = YES;
				CLANG_WARN_INT_CONVERSION = YES;
				CLANG_WARN_OBJC_ROOT_CLASS = YES_ERROR;
				CLANG_WARN_SUSPICIOUS_MOVE = YES;
				CLANG_WARN_UNREACHABLE_CODE = YES;
				CLANG_WARN__DUPLICATE_METHOD_MATCH = YES;
				"CODE_SIGN_IDENTITY[sdk=iphoneos*]" = "iPhone Developer";
				COPY_PHASE_STRIP = NO;
				DEBUG_INFORMATION_FORMAT = "dwarf-with-dsym";
				ENABLE_NS_ASSERTIONS = NO;
				ENABLE_STRICT_OBJC_MSGSEND = YES;
				GCC_C_LANGUAGE_STANDARD = gnu99;
				GCC_NO_COMMON_BLOCKS = YES;
				GCC_WARN_64_TO_32_BIT_CONVERSION = YES;
				GCC_WARN_ABOUT_RETURN_TYPE = YES_ERROR;
				GCC_WARN_UNDECLARED_SELECTOR = YES;
				GCC_WARN_UNINITIALIZED_AUTOS = YES_AGGRESSIVE;
				GCC_WARN_UNUSED_FUNCTION = YES;
				GCC_WARN_UNUSED_VARIABLE = YES;
				IPHONEOS_DEPLOYMENT_TARGET = 10.3;
				MTL_ENABLE_DEBUG_INFO = NO;
				SDKROOT = iphoneos;
				TARGETED_DEVICE_FAMILY = "1,2";
				VALIDATE_PRODUCT = YES;
			};
			name = Release;
		};
		60C816451F6248AB00CEC5D6 /* Debug */ = {
			isa = XCBuildConfiguration;
			baseConfigurationReference = 9ACAE2F46F36EF71CE8955A0 /* Pods-PBBaseClasses.debug.xcconfig */;
			buildSettings = {
				ASSETCATALOG_COMPILER_APPICON_NAME = AppIcon;
				DEVELOPMENT_TEAM = M8K6A7692X;
				ENABLE_BITCODE = YES;
				FRAMEWORK_SEARCH_PATHS = (
					"$(inherited)",
					"$(PROJECT_DIR)/PBClasses",
				);
				INFOPLIST_FILE = PBBaseClasses/Info.plist;
				IPHONEOS_DEPLOYMENT_TARGET = 8.0;
				LD_RUNPATH_SEARCH_PATHS = "$(inherited) @executable_path/Frameworks";
				PRODUCT_BUNDLE_IDENTIFIER = com.nanhu.PBBaseClasses;
				PRODUCT_NAME = "$(TARGET_NAME)";
			};
			name = Debug;
		};
		60C816461F6248AB00CEC5D6 /* Release */ = {
			isa = XCBuildConfiguration;
			baseConfigurationReference = 849619B291A348AF83187F58 /* Pods-PBBaseClasses.release.xcconfig */;
			buildSettings = {
				ASSETCATALOG_COMPILER_APPICON_NAME = AppIcon;
				DEVELOPMENT_TEAM = M8K6A7692X;
				ENABLE_BITCODE = YES;
				FRAMEWORK_SEARCH_PATHS = (
					"$(inherited)",
					"$(PROJECT_DIR)/PBClasses",
				);
				INFOPLIST_FILE = PBBaseClasses/Info.plist;
				IPHONEOS_DEPLOYMENT_TARGET = 8.0;
				LD_RUNPATH_SEARCH_PATHS = "$(inherited) @executable_path/Frameworks";
				PRODUCT_BUNDLE_IDENTIFIER = com.nanhu.PBBaseClasses;
				PRODUCT_NAME = "$(TARGET_NAME)";
			};
			name = Release;
		};
		60C816481F6248AB00CEC5D6 /* Debug */ = {
			isa = XCBuildConfiguration;
			buildSettings = {
				BUNDLE_LOADER = "$(TEST_HOST)";
				DEVELOPMENT_TEAM = M8K6A7692X;
				INFOPLIST_FILE = PBBaseClassesTests/Info.plist;
				LD_RUNPATH_SEARCH_PATHS = "$(inherited) @executable_path/Frameworks @loader_path/Frameworks";
				PRODUCT_BUNDLE_IDENTIFIER = com.nanhu.PBBaseClassesTests;
				PRODUCT_NAME = "$(TARGET_NAME)";
				TEST_HOST = "$(BUILT_PRODUCTS_DIR)/PBBaseClasses.app/PBBaseClasses";
			};
			name = Debug;
		};
		60C816491F6248AB00CEC5D6 /* Release */ = {
			isa = XCBuildConfiguration;
			buildSettings = {
				BUNDLE_LOADER = "$(TEST_HOST)";
				DEVELOPMENT_TEAM = M8K6A7692X;
				INFOPLIST_FILE = PBBaseClassesTests/Info.plist;
				LD_RUNPATH_SEARCH_PATHS = "$(inherited) @executable_path/Frameworks @loader_path/Frameworks";
				PRODUCT_BUNDLE_IDENTIFIER = com.nanhu.PBBaseClassesTests;
				PRODUCT_NAME = "$(TARGET_NAME)";
				TEST_HOST = "$(BUILT_PRODUCTS_DIR)/PBBaseClasses.app/PBBaseClasses";
			};
			name = Release;
		};
		60C8164B1F6248AB00CEC5D6 /* Debug */ = {
			isa = XCBuildConfiguration;
			buildSettings = {
				DEVELOPMENT_TEAM = M8K6A7692X;
				INFOPLIST_FILE = PBBaseClassesUITests/Info.plist;
				LD_RUNPATH_SEARCH_PATHS = "$(inherited) @executable_path/Frameworks @loader_path/Frameworks";
				PRODUCT_BUNDLE_IDENTIFIER = com.nanhu.PBBaseClassesUITests;
				PRODUCT_NAME = "$(TARGET_NAME)";
				TEST_TARGET_NAME = PBBaseClasses;
			};
			name = Debug;
		};
		60C8164C1F6248AB00CEC5D6 /* Release */ = {
			isa = XCBuildConfiguration;
			buildSettings = {
				DEVELOPMENT_TEAM = M8K6A7692X;
				INFOPLIST_FILE = PBBaseClassesUITests/Info.plist;
				LD_RUNPATH_SEARCH_PATHS = "$(inherited) @executable_path/Frameworks @loader_path/Frameworks";
				PRODUCT_BUNDLE_IDENTIFIER = com.nanhu.PBBaseClassesUITests;
				PRODUCT_NAME = "$(TARGET_NAME)";
				TEST_TARGET_NAME = PBBaseClasses;
			};
			name = Release;
		};
		60C817B81F6283E900CEC5D6 /* Debug */ = {
			isa = XCBuildConfiguration;
			baseConfigurationReference = D5EAC2EC24CA031226C1D0F4 /* Pods-PBClasses.debug.xcconfig */;
			buildSettings = {
				CODE_SIGN_IDENTITY = "";
				CURRENT_PROJECT_VERSION = 1;
				DEFINES_MODULE = YES;
				DEVELOPMENT_TEAM = M8K6A7692X;
				DYLIB_COMPATIBILITY_VERSION = 1;
				DYLIB_CURRENT_VERSION = 1;
				DYLIB_INSTALL_NAME_BASE = "@rpath";
				FRAMEWORK_SEARCH_PATHS = (
					"$(inherited)",
					"$(PROJECT_DIR)/PBClasses",
				);
				INFOPLIST_FILE = PBClasses/Info.plist;
				INSTALL_PATH = "$(LOCAL_LIBRARY_DIR)/Frameworks";
				LD_RUNPATH_SEARCH_PATHS = "$(inherited) @executable_path/Frameworks @loader_path/Frameworks";
				MACH_O_TYPE = staticlib;
				PRODUCT_BUNDLE_IDENTIFIER = com.nanhu.PBClasses;
				PRODUCT_NAME = "$(TARGET_NAME)";
				SKIP_INSTALL = YES;
				VERSIONING_SYSTEM = "apple-generic";
				VERSION_INFO_PREFIX = "";
			};
			name = Debug;
		};
		60C817B91F6283E900CEC5D6 /* Release */ = {
			isa = XCBuildConfiguration;
			baseConfigurationReference = 6AFE0A7591AE819E53B7EA95 /* Pods-PBClasses.release.xcconfig */;
			buildSettings = {
				CODE_SIGN_IDENTITY = "";
				CURRENT_PROJECT_VERSION = 1;
				DEFINES_MODULE = YES;
				DEVELOPMENT_TEAM = M8K6A7692X;
				DYLIB_COMPATIBILITY_VERSION = 1;
				DYLIB_CURRENT_VERSION = 1;
				DYLIB_INSTALL_NAME_BASE = "@rpath";
				FRAMEWORK_SEARCH_PATHS = (
					"$(inherited)",
					"$(PROJECT_DIR)/PBClasses",
				);
				INFOPLIST_FILE = PBClasses/Info.plist;
				INSTALL_PATH = "$(LOCAL_LIBRARY_DIR)/Frameworks";
				LD_RUNPATH_SEARCH_PATHS = "$(inherited) @executable_path/Frameworks @loader_path/Frameworks";
				MACH_O_TYPE = staticlib;
				PRODUCT_BUNDLE_IDENTIFIER = com.nanhu.PBClasses;
				PRODUCT_NAME = "$(TARGET_NAME)";
				SKIP_INSTALL = YES;
				VERSIONING_SYSTEM = "apple-generic";
				VERSION_INFO_PREFIX = "";
			};
			name = Release;
		};
		60C817BC1F6283E900CEC5D6 /* Debug */ = {
			isa = XCBuildConfiguration;
			buildSettings = {
				DEVELOPMENT_TEAM = M8K6A7692X;
				INFOPLIST_FILE = PBClassesTests/Info.plist;
				LD_RUNPATH_SEARCH_PATHS = "$(inherited) @executable_path/Frameworks @loader_path/Frameworks";
				PRODUCT_BUNDLE_IDENTIFIER = com.nanhu.PBClassesTests;
				PRODUCT_NAME = "$(TARGET_NAME)";
				TEST_HOST = "$(BUILT_PRODUCTS_DIR)/PBBaseClasses.app/PBBaseClasses";
			};
			name = Debug;
		};
		60C817BD1F6283E900CEC5D6 /* Release */ = {
			isa = XCBuildConfiguration;
			buildSettings = {
				DEVELOPMENT_TEAM = M8K6A7692X;
				INFOPLIST_FILE = PBClassesTests/Info.plist;
				LD_RUNPATH_SEARCH_PATHS = "$(inherited) @executable_path/Frameworks @loader_path/Frameworks";
				PRODUCT_BUNDLE_IDENTIFIER = com.nanhu.PBClassesTests;
				PRODUCT_NAME = "$(TARGET_NAME)";
				TEST_HOST = "$(BUILT_PRODUCTS_DIR)/PBBaseClasses.app/PBBaseClasses";
			};
			name = Release;
		};
/* End XCBuildConfiguration section */

/* Begin XCConfigurationList section */
		60C816121F6248A900CEC5D6 /* Build configuration list for PBXProject "PBBaseClasses" */ = {
			isa = XCConfigurationList;
			buildConfigurations = (
				60C816421F6248AB00CEC5D6 /* Debug */,
				60C816431F6248AB00CEC5D6 /* Release */,
			);
			defaultConfigurationIsVisible = 0;
			defaultConfigurationName = Release;
		};
		60C816441F6248AB00CEC5D6 /* Build configuration list for PBXNativeTarget "PBBaseClasses" */ = {
			isa = XCConfigurationList;
			buildConfigurations = (
				60C816451F6248AB00CEC5D6 /* Debug */,
				60C816461F6248AB00CEC5D6 /* Release */,
			);
			defaultConfigurationIsVisible = 0;
			defaultConfigurationName = Release;
		};
		60C816471F6248AB00CEC5D6 /* Build configuration list for PBXNativeTarget "PBBaseClassesTests" */ = {
			isa = XCConfigurationList;
			buildConfigurations = (
				60C816481F6248AB00CEC5D6 /* Debug */,
				60C816491F6248AB00CEC5D6 /* Release */,
			);
			defaultConfigurationIsVisible = 0;
			defaultConfigurationName = Release;
		};
		60C8164A1F6248AB00CEC5D6 /* Build configuration list for PBXNativeTarget "PBBaseClassesUITests" */ = {
			isa = XCConfigurationList;
			buildConfigurations = (
				60C8164B1F6248AB00CEC5D6 /* Debug */,
				60C8164C1F6248AB00CEC5D6 /* Release */,
			);
			defaultConfigurationIsVisible = 0;
			defaultConfigurationName = Release;
		};
		60C817B71F6283E900CEC5D6 /* Build configuration list for PBXNativeTarget "PBClasses" */ = {
			isa = XCConfigurationList;
			buildConfigurations = (
				60C817B81F6283E900CEC5D6 /* Debug */,
				60C817B91F6283E900CEC5D6 /* Release */,
			);
			defaultConfigurationIsVisible = 0;
			defaultConfigurationName = Release;
		};
		60C817BB1F6283E900CEC5D6 /* Build configuration list for PBXNativeTarget "PBClassesTests" */ = {
			isa = XCConfigurationList;
			buildConfigurations = (
				60C817BC1F6283E900CEC5D6 /* Debug */,
				60C817BD1F6283E900CEC5D6 /* Release */,
			);
			defaultConfigurationIsVisible = 0;
			defaultConfigurationName = Release;
		};
/* End XCConfigurationList section */
	};
	rootObject = 60C8160F1F6248A900CEC5D6 /* Project object */;
}
